
Microsoft Visual Studio Solution File, Format Version 12.00
# Visual Studio Version 17
VisualStudioVersion = 17.7.34009.444
MinimumVisualStudioVersion = 10.0.40219.1
Project("{FAE04EC0-301F-11D3-BF4B-00C04F79EFBC}") = "BeautyProducts", "BeautyProducts\BeautyProducts.csproj", "{27C75D91-E7D9-451D-B0D5-2106B0F78ADD}"
EndProject
Global
	GlobalSection(SolutionConfigurationPlatforms) = preSolution
		Debug|Any CPU = Debug|Any CPU
		Release|Any CPU = Release|Any CPU
	EndGlobalSection
	GlobalSection(ProjectConfigurationPlatforms) = postSolution
		{27C75D91-E7D9-451D-B0D5-2106B0F78ADD}.Debug|Any CPU.ActiveCfg = Debug|Any CPU
		{27C75D91-E7D9-451D-B0D5-2106B0F78ADD}.Debug|Any CPU.Build.0 = Debug|Any CPU
		{27C75D91-E7D9-451D-B0D5-2106B0F78ADD}.Release|Any CPU.ActiveCfg = Release|Any CPU
		{27C75D91-E7D9-451D-B0D5-2106B0F78ADD}.Release|Any CPU.Build.0 = Release|Any CPU
	EndGlobalSection
	GlobalSection(SolutionProperties) = preSolution
		HideSolutionNode = FALSE
	EndGlobalSection
	GlobalSection(ExtensibilityGlobals) = postSolution
		SolutionGuid = {45FF768C-6DC0-45A6-BBEC-84DF1E980EB8}
	EndGlobalSection
EndGlobal
